
Microsoft Visual Studio Solution File, Format Version 12.00
# Visual Studio Version 17
VisualStudioVersion = 17.3.32804.467
MinimumVisualStudioVersion = 10.0.40219.1
Project("{FAE04EC0-301F-11D3-BF4B-00C04F79EFBC}") = "School_API", "School_API.csproj", "{438FA7CD-7F54-4923-BB4D-02F69B4A6AA3}"
EndProject
Global
	GlobalSection(SolutionConfigurationPlatforms) = preSolution
		Debug|Any CPU = Debug|Any CPU
		Release|Any CPU = Release|Any CPU
	EndGlobalSection
	GlobalSection(ProjectConfigurationPlatforms) = postSolution
		{438FA7CD-7F54-4923-BB4D-02F69B4A6AA3}.Debug|Any CPU.ActiveCfg = Debug|Any CPU
		{438FA7CD-7F54-4923-BB4D-02F69B4A6AA3}.Debug|Any CPU.Build.0 = Debug|Any CPU
		{438FA7CD-7F54-4923-BB4D-02F69B4A6AA3}.Release|Any CPU.ActiveCfg = Release|Any CPU
		{438FA7CD-7F54-4923-BB4D-02F69B4A6AA3}.Release|Any CPU.Build.0 = Release|Any CPU
	EndGlobalSection
	GlobalSection(SolutionProperties) = preSolution
		HideSolutionNode = FALSE
	EndGlobalSection
	GlobalSection(ExtensibilityGlobals) = postSolution
		SolutionGuid = {5CEF681D-98BA-4DED-8503-C55EEB5AB0EE}
	EndGlobalSection
EndGlobal
